
Microsoft Visual Studio Solution File, Format Version 12.00
# Visual Studio 15
VisualStudioVersion = 15.0.27703.2042
MinimumVisualStudioVersion = 10.0.40219.1
Project("{FAE04EC0-301F-11D3-BF4B-00C04F79EFBC}") = "TaskPlanner", "TaskPlanner\TaskPlanner.csproj", "{EB1CDF6B-BD7E-41B2-9C1D-77D416E2BA6D}"
EndProject
Project("{FAE04EC0-301F-11D3-BF4B-00C04F79EFBC}") = "TaskPlanner.Services", "TaskPlanner.Services\TaskPlanner.Services.csproj", "{F55EF8B4-1DD3-4508-9290-15A233186560}"
EndProject
Project("{FAE04EC0-301F-11D3-BF4B-00C04F79EFBC}") = "TaskPlanner.Models", "TaskPlanner.Models\TaskPlanner.Models.csproj", "{992B6458-06F5-4678-B28B-AF0D7DE2D768}"
EndProject
Global
	GlobalSection(SolutionConfigurationPlatforms) = preSolution
		Debug|Any CPU = Debug|Any CPU
		Release|Any CPU = Release|Any CPU
	EndGlobalSection
	GlobalSection(ProjectConfigurationPlatforms) = postSolution
		{EB1CDF6B-BD7E-41B2-9C1D-77D416E2BA6D}.Debug|Any CPU.ActiveCfg = Debug|Any CPU
		{EB1CDF6B-BD7E-41B2-9C1D-77D416E2BA6D}.Debug|Any CPU.Build.0 = Debug|Any CPU
		{EB1CDF6B-BD7E-41B2-9C1D-77D416E2BA6D}.Release|Any CPU.ActiveCfg = Release|Any CPU
		{EB1CDF6B-BD7E-41B2-9C1D-77D416E2BA6D}.Release|Any CPU.Build.0 = Release|Any CPU
		{F55EF8B4-1DD3-4508-9290-15A233186560}.Debug|Any CPU.ActiveCfg = Debug|Any CPU
		{F55EF8B4-1DD3-4508-9290-15A233186560}.Debug|Any CPU.Build.0 = Debug|Any CPU
		{F55EF8B4-1DD3-4508-9290-15A233186560}.Release|Any CPU.ActiveCfg = Release|Any CPU
		{F55EF8B4-1DD3-4508-9290-15A233186560}.Release|Any CPU.Build.0 = Release|Any CPU
		{992B6458-06F5-4678-B28B-AF0D7DE2D768}.Debug|Any CPU.ActiveCfg = Debug|Any CPU
		{992B6458-06F5-4678-B28B-AF0D7DE2D768}.Debug|Any CPU.Build.0 = Debug|Any CPU
		{992B6458-06F5-4678-B28B-AF0D7DE2D768}.Release|Any CPU.ActiveCfg = Release|Any CPU
		{992B6458-06F5-4678-B28B-AF0D7DE2D768}.Release|Any CPU.Build.0 = Release|Any CPU
	EndGlobalSection
	GlobalSection(SolutionProperties) = preSolution
		HideSolutionNode = FALSE
	EndGlobalSection
	GlobalSection(ExtensibilityGlobals) = postSolution
		SolutionGuid = {429C9E65-376D-4F70-803C-9401D34DFC68}
	EndGlobalSection
EndGlobal
